
Microsoft Visual Studio Solution File, Format Version 12.00
# Visual Studio 14
VisualStudioVersion = 14.0.23107.0
MinimumVisualStudioVersion = 10.0.40219.1
Project("{FAE04EC0-301F-11D3-BF4B-00C04F79EFBC}") = "IndeedAutomation", "Project\IndeedAutomation.csproj", "{0B30C513-9CAA-4903-8B56-E51E4C56C10E}"
EndProject
Project("{FAE04EC0-301F-11D3-BF4B-00C04F79EFBC}") = "Tests", "Tests\Tests.csproj", "{084650B6-33FF-480B-A32F-DD83B182EC5F}"
EndProject
Global
	GlobalSection(SolutionConfigurationPlatforms) = preSolution
		Debug|Any CPU = Debug|Any CPU
		Release|Any CPU = Release|Any CPU
	EndGlobalSection
	GlobalSection(ProjectConfigurationPlatforms) = postSolution
		{0B30C513-9CAA-4903-8B56-E51E4C56C10E}.Debug|Any CPU.ActiveCfg = Debug|Any CPU
		{0B30C513-9CAA-4903-8B56-E51E4C56C10E}.Debug|Any CPU.Build.0 = Debug|Any CPU
		{0B30C513-9CAA-4903-8B56-E51E4C56C10E}.Release|Any CPU.ActiveCfg = Release|Any CPU
		{0B30C513-9CAA-4903-8B56-E51E4C56C10E}.Release|Any CPU.Build.0 = Release|Any CPU
		{084650B6-33FF-480B-A32F-DD83B182EC5F}.Debug|Any CPU.ActiveCfg = Debug|Any CPU
		{084650B6-33FF-480B-A32F-DD83B182EC5F}.Debug|Any CPU.Build.0 = Debug|Any CPU
		{084650B6-33FF-480B-A32F-DD83B182EC5F}.Release|Any CPU.ActiveCfg = Release|Any CPU
		{084650B6-33FF-480B-A32F-DD83B182EC5F}.Release|Any CPU.Build.0 = Release|Any CPU
	EndGlobalSection
	GlobalSection(SolutionProperties) = preSolution
		HideSolutionNode = FALSE
	EndGlobalSection
EndGlobal
